
Microsoft Visual Studio Solution File, Format Version 12.00
Project("{FAE04EC0-301F-11D3-BF4B-00C04F79EFBC}") = "Remi.AIBuddy", "src\Remi.AIBuddy\Remi.AIBuddy.csproj", "{4D24E939-03CF-49B8-A47E-C0017FC5A58F}"
EndProject
Global
	GlobalSection(SolutionConfigurationPlatforms) = preSolution
		Debug|Any CPU = Debug|Any CPU
		Release|Any CPU = Release|Any CPU
	EndGlobalSection
	GlobalSection(ProjectConfigurationPlatforms) = postSolution
		{4D24E939-03CF-49B8-A47E-C0017FC5A58F}.Debug|Any CPU.ActiveCfg = Debug|Any CPU
		{4D24E939-03CF-49B8-A47E-C0017FC5A58F}.Debug|Any CPU.Build.0 = Debug|Any CPU
		{4D24E939-03CF-49B8-A47E-C0017FC5A58F}.Release|Any CPU.ActiveCfg = Release|Any CPU
		{4D24E939-03CF-49B8-A47E-C0017FC5A58F}.Release|Any CPU.Build.0 = Release|Any CPU
	EndGlobalSection
EndGlobal
